
Microsoft Visual Studio Solution File, Format Version 12.00
# Visual Studio 15
VisualStudioVersion = 15.0.28010.2046
MinimumVisualStudioVersion = 10.0.40219.1
Project("{FAE04EC0-301F-11D3-BF4B-00C04F79EFBC}") = "SendGridTest.Android", "SendGridTest\SendGridTest.Android\SendGridTest.Android.csproj", "{3AE29D8C-E5BD-48DC-9798-F7805835F945}"
EndProject
Project("{FAE04EC0-301F-11D3-BF4B-00C04F79EFBC}") = "SendGridTest.iOS", "SendGridTest\SendGridTest.iOS\SendGridTest.iOS.csproj", "{C598B98A-ABFA-4FB6-A61C-E6D0A591014B}"
EndProject
Project("{FAE04EC0-301F-11D3-BF4B-00C04F79EFBC}") = "SendGridTest.UWP", "SendGridTest\SendGridTest.UWP\SendGridTest.UWP.csproj", "{44447EF2-DF29-40CC-921E-33DAF0D573C5}"
EndProject
Project("{FAE04EC0-301F-11D3-BF4B-00C04F79EFBC}") = "SendGridTest", "SendGridTest\SendGridTest\SendGridTest.csproj", "{D6F8220A-3B1D-4D3E-B53E-631497F04DA5}"
EndProject
Global
	GlobalSection(SolutionConfigurationPlatforms) = preSolution
		Ad-Hoc|Any CPU = Ad-Hoc|Any CPU
		Ad-Hoc|ARM = Ad-Hoc|ARM
		Ad-Hoc|iPhone = Ad-Hoc|iPhone
		Ad-Hoc|iPhoneSimulator = Ad-Hoc|iPhoneSimulator
		Ad-Hoc|x64 = Ad-Hoc|x64
		Ad-Hoc|x86 = Ad-Hoc|x86
		AppStore|Any CPU = AppStore|Any CPU
		AppStore|ARM = AppStore|ARM
		AppStore|iPhone = AppStore|iPhone
		AppStore|iPhoneSimulator = AppStore|iPhoneSimulator
		AppStore|x64 = AppStore|x64
		AppStore|x86 = AppStore|x86
		Debug|Any CPU = Debug|Any CPU
		Debug|ARM = Debug|ARM
		Debug|iPhone = Debug|iPhone
		Debug|iPhoneSimulator = Debug|iPhoneSimulator
		Debug|x64 = Debug|x64
		Debug|x86 = Debug|x86
		Release|Any CPU = Release|Any CPU
		Release|ARM = Release|ARM
		Release|iPhone = Release|iPhone
		Release|iPhoneSimulator = Release|iPhoneSimulator
		Release|x64 = Release|x64
		Release|x86 = Release|x86
	EndGlobalSection
	GlobalSection(ProjectConfigurationPlatforms) = postSolution
		{3AE29D8C-E5BD-48DC-9798-F7805835F945}.Ad-Hoc|Any CPU.ActiveCfg = Release|Any CPU
		{3AE29D8C-E5BD-48DC-9798-F7805835F945}.Ad-Hoc|Any CPU.Build.0 = Release|Any CPU
		{3AE29D8C-E5BD-48DC-9798-F7805835F945}.Ad-Hoc|Any CPU.Deploy.0 = Release|Any CPU
		{3AE29D8C-E5BD-48DC-9798-F7805835F945}.Ad-Hoc|ARM.ActiveCfg = Release|Any CPU
		{3AE29D8C-E5BD-48DC-9798-F7805835F945}.Ad-Hoc|ARM.Build.0 = Release|Any CPU
		{3AE29D8C-E5BD-48DC-9798-F7805835F945}.Ad-Hoc|ARM.Deploy.0 = Release|Any CPU
		{3AE29D8C-E5BD-48DC-9798-F7805835F945}.Ad-Hoc|iPhone.ActiveCfg = Release|Any CPU
		{3AE29D8C-E5BD-48DC-9798-F7805835F945}.Ad-Hoc|iPhone.Build.0 = Release|Any CPU
		{3AE29D8C-E5BD-48DC-9798-F7805835F945}.Ad-Hoc|iPhone.Deploy.0 = Release|Any CPU
		{3AE29D8C-E5BD-48DC-9798-F7805835F945}.Ad-Hoc|iPhoneSimulator.ActiveCfg = Release|Any CPU
		{3AE29D8C-E5BD-48DC-9798-F7805835F945}.Ad-Hoc|iPhoneSimulator.Build.0 = Release|Any CPU
		{3AE29D8C-E5BD-48DC-9798-F7805835F945}.Ad-Hoc|iPhoneSimulator.Deploy.0 = Release|Any CPU
		{3AE29D8C-E5BD-48DC-9798-F7805835F945}.Ad-Hoc|x64.ActiveCfg = Release|Any CPU
		{3AE29D8C-E5BD-48DC-9798-F7805835F945}.Ad-Hoc|x64.Build.0 = Release|Any CPU
		{3AE29D8C-E5BD-48DC-9798-F7805835F945}.Ad-Hoc|x64.Deploy.0 = Release|Any CPU
		{3AE29D8C-E5BD-48DC-9798-F7805835F945}.Ad-Hoc|x86.ActiveCfg = Release|Any CPU
		{3AE29D8C-E5BD-48DC-9798-F7805835F945}.Ad-Hoc|x86.Build.0 = Release|Any CPU
		{3AE29D8C-E5BD-48DC-9798-F7805835F945}.Ad-Hoc|x86.Deploy.0 = Release|Any CPU
		{3AE29D8C-E5BD-48DC-9798-F7805835F945}.AppStore|Any CPU.ActiveCfg = Release|Any CPU
		{3AE29D8C-E5BD-48DC-9798-F7805835F945}.AppStore|Any CPU.Build.0 = Release|Any CPU
		{3AE29D8C-E5BD-48DC-9798-F7805835F945}.AppStore|Any CPU.Deploy.0 = Release|Any CPU
		{3AE29D8C-E5BD-48DC-9798-F7805835F945}.AppStore|ARM.ActiveCfg = Release|Any CPU
		{3AE29D8C-E5BD-48DC-9798-F7805835F945}.AppStore|ARM.Build.0 = Release|Any CPU
		{3AE29D8C-E5BD-48DC-9798-F7805835F945}.AppStore|ARM.Deploy.0 = Release|Any CPU
		{3AE29D8C-E5BD-48DC-9798-F7805835F945}.AppStore|iPhone.ActiveCfg = Release|Any CPU
		{3AE29D8C-E5BD-48DC-9798-F7805835F945}.AppStore|iPhone.Build.0 = Release|Any CPU
		{3AE29D8C-E5BD-48DC-9798-F7805835F945}.AppStore|iPhone.Deploy.0 = Release|Any CPU
		{3AE29D8C-E5BD-48DC-9798-F7805835F945}.AppStore|iPhoneSimulator.ActiveCfg = Release|Any CPU
		{3AE29D8C-E5BD-48DC-9798-F7805835F945}.AppStore|iPhoneSimulator.Build.0 = Release|Any CPU
		{3AE29D8C-E5BD-48DC-9798-F7805835F945}.AppStore|iPhoneSimulator.Deploy.0 = Release|Any CPU
		{3AE29D8C-E5BD-48DC-9798-F7805835F945}.AppStore|x64.ActiveCfg = Release|Any CPU
		{3AE29D8C-E5BD-48DC-9798-F7805835F945}.AppStore|x64.Build.0 = Release|Any CPU
		{3AE29D8C-E5BD-48DC-9798-F7805835F945}.AppStore|x64.Deploy.0 = Release|Any CPU
		{3AE29D8C-E5BD-48DC-9798-F7805835F945}.AppStore|x86.ActiveCfg = Release|Any CPU
		{3AE29D8C-E5BD-48DC-9798-F7805835F945}.AppStore|x86.Build.0 = Release|Any CPU
		{3AE29D8C-E5BD-48DC-9798-F7805835F945}.AppStore|x86.Deploy.0 = Release|Any CPU
		{3AE29D8C-E5BD-48DC-9798-F7805835F945}.Debug|Any CPU.ActiveCfg = Debug|Any CPU
		{3AE29D8C-E5BD-48DC-9798-F7805835F945}.Debug|Any CPU.Build.0 = Debug|Any CPU
		{3AE29D8C-E5BD-48DC-9798-F7805835F945}.Debug|Any CPU.Deploy.0 = Debug|Any CPU
		{3AE29D8C-E5BD-48DC-9798-F7805835F945}.Debug|ARM.ActiveCfg = Debug|Any CPU
		{3AE29D8C-E5BD-48DC-9798-F7805835F945}.Debug|ARM.Build.0 = Debug|Any CPU
		{3AE29D8C-E5BD-48DC-9798-F7805835F945}.Debug|ARM.Deploy.0 = Debug|Any CPU
		{3AE29D8C-E5BD-48DC-9798-F7805835F945}.Debug|iPhone.ActiveCfg = Debug|Any CPU
		{3AE29D8C-E5BD-48DC-9798-F7805835F945}.Debug|iPhone.Build.0 = Debug|Any CPU
		{3AE29D8C-E5BD-48DC-9798-F7805835F945}.Debug|iPhone.Deploy.0 = Debug|Any CPU
		{3AE29D8C-E5BD-48DC-9798-F7805835F945}.Debug|iPhoneSimulator.ActiveCfg = Debug|Any CPU
		{3AE29D8C-E5BD-48DC-9798-F7805835F945}.Debug|iPhoneSimulator.Build.0 = Debug|Any CPU
		{3AE29D8C-E5BD-48DC-9798-F7805835F945}.Debug|iPhoneSimulator.Deploy.0 = Debug|Any CPU
		{3AE29D8C-E5BD-48DC-9798-F7805835F945}.Debug|x64.ActiveCfg = Debug|Any CPU
		{3AE29D8C-E5BD-48DC-9798-F7805835F945}.Debug|x64.Build.0 = Debug|Any CPU
		{3AE29D8C-E5BD-48DC-9798-F7805835F945}.Debug|x64.Deploy.0 = Debug|Any CPU
		{3AE29D8C-E5BD-48DC-9798-F7805835F945}.Debug|x86.ActiveCfg = Debug|Any CPU
		{3AE29D8C-E5BD-48DC-9798-F7805835F945}.Debug|x86.Build.0 = Debug|Any CPU
		{3AE29D8C-E5BD-48DC-9798-F7805835F945}.Debug|x86.Deploy.0 = Debug|Any CPU
		{3AE29D8C-E5BD-48DC-9798-F7805835F945}.Release|Any CPU.ActiveCfg = Release|Any CPU
		{3AE29D8C-E5BD-48DC-9798-F7805835F945}.Release|Any CPU.Build.0 = Release|Any CPU
		{3AE29D8C-E5BD-48DC-9798-F7805835F945}.Release|Any CPU.Deploy.0 = Release|Any CPU
		{3AE29D8C-E5BD-48DC-9798-F7805835F945}.Release|ARM.ActiveCfg = Release|Any CPU
		{3AE29D8C-E5BD-48DC-9798-F7805835F945}.Release|ARM.Build.0 = Release|Any CPU
		{3AE29D8C-E5BD-48DC-9798-F7805835F945}.Release|ARM.Deploy.0 = Release|Any CPU
		{3AE29D8C-E5BD-48DC-9798-F7805835F945}.Release|iPhone.ActiveCfg = Release|Any CPU
		{3AE29D8C-E5BD-48DC-9798-F7805835F945}.Release|iPhone.Build.0 = Release|Any CPU
		{3AE29D8C-E5BD-48DC-9798-F7805835F945}.Release|iPhone.Deploy.0 = Release|Any CPU
		{3AE29D8C-E5BD-48DC-9798-F7805835F945}.Release|iPhoneSimulator.ActiveCfg = Release|Any CPU
		{3AE29D8C-E5BD-48DC-9798-F7805835F945}.Release|iPhoneSimulator.Build.0 = Release|Any CPU
		{3AE29D8C-E5BD-48DC-9798-F7805835F945}.Release|iPhoneSimulator.Deploy.0 = Release|Any CPU
		{3AE29D8C-E5BD-48DC-9798-F7805835F945}.Release|x64.ActiveCfg = Release|Any CPU
		{3AE29D8C-E5BD-48DC-9798-F7805835F945}.Release|x64.Build.0 = Release|Any CPU
		{3AE29D8C-E5BD-48DC-9798-F7805835F945}.Release|x64.Deploy.0 = Release|Any CPU
		{3AE29D8C-E5BD-48DC-9798-F7805835F945}.Release|x86.ActiveCfg = Release|Any CPU
		{3AE29D8C-E5BD-48DC-9798-F7805835F945}.Release|x86.Build.0 = Release|Any CPU
		{3AE29D8C-E5BD-48DC-9798-F7805835F945}.Release|x86.Deploy.0 = Release|Any CPU
		{C598B98A-ABFA-4FB6-A61C-E6D0A591014B}.Ad-Hoc|Any CPU.ActiveCfg = Ad-Hoc|iPhone
		{C598B98A-ABFA-4FB6-A61C-E6D0A591014B}.Ad-Hoc|Any CPU.Build.0 = Ad-Hoc|iPhone
		{C598B98A-ABFA-4FB6-A61C-E6D0A591014B}.Ad-Hoc|Any CPU.Deploy.0 = Ad-Hoc|iPhone
		{C598B98A-ABFA-4FB6-A61C-E6D0A591014B}.Ad-Hoc|ARM.ActiveCfg = Ad-Hoc|iPhone
		{C598B98A-ABFA-4FB6-A61C-E6D0A591014B}.Ad-Hoc|ARM.Build.0 = Ad-Hoc|iPhone
		{C598B98A-ABFA-4FB6-A61C-E6D0A591014B}.Ad-Hoc|ARM.Deploy.0 = Ad-Hoc|iPhone
		{C598B98A-ABFA-4FB6-A61C-E6D0A591014B}.Ad-Hoc|iPhone.ActiveCfg = Ad-Hoc|iPhone
		{C598B98A-ABFA-4FB6-A61C-E6D0A591014B}.Ad-Hoc|iPhone.Build.0 = Ad-Hoc|iPhone
		{C598B98A-ABFA-4FB6-A61C-E6D0A591014B}.Ad-Hoc|iPhone.Deploy.0 = Ad-Hoc|iPhone
		{C598B98A-ABFA-4FB6-A61C-E6D0A591014B}.Ad-Hoc|iPhoneSimulator.ActiveCfg = Ad-Hoc|iPhoneSimulator
		{C598B98A-ABFA-4FB6-A61C-E6D0A591014B}.Ad-Hoc|iPhoneSimulator.Build.0 = Ad-Hoc|iPhoneSimulator
		{C598B98A-ABFA-4FB6-A61C-E6D0A591014B}.Ad-Hoc|iPhoneSimulator.Deploy.0 = Ad-Hoc|iPhoneSimulator
		{C598B98A-ABFA-4FB6-A61C-E6D0A591014B}.Ad-Hoc|x64.ActiveCfg = Ad-Hoc|iPhone
		{C598B98A-ABFA-4FB6-A61C-E6D0A591014B}.Ad-Hoc|x64.Build.0 = Ad-Hoc|iPhone
		{C598B98A-ABFA-4FB6-A61C-E6D0A591014B}.Ad-Hoc|x64.Deploy.0 = Ad-Hoc|iPhone
		{C598B98A-ABFA-4FB6-A61C-E6D0A591014B}.Ad-Hoc|x86.ActiveCfg = Ad-Hoc|iPhone
		{C598B98A-ABFA-4FB6-A61C-E6D0A591014B}.Ad-Hoc|x86.Build.0 = Ad-Hoc|iPhone
		{C598B98A-ABFA-4FB6-A61C-E6D0A591014B}.Ad-Hoc|x86.Deploy.0 = Ad-Hoc|iPhone
		{C598B98A-ABFA-4FB6-A61C-E6D0A591014B}.AppStore|Any CPU.ActiveCfg = AppStore|iPhone
		{C598B98A-ABFA-4FB6-A61C-E6D0A591014B}.AppStore|Any CPU.Build.0 = AppStore|iPhone
		{C598B98A-ABFA-4FB6-A61C-E6D0A591014B}.AppStore|Any CPU.Deploy.0 = AppStore|iPhone
		{C598B98A-ABFA-4FB6-A61C-E6D0A591014B}.AppStore|ARM.ActiveCfg = AppStore|iPhone
		{C598B98A-ABFA-4FB6-A61C-E6D0A591014B}.AppStore|ARM.Build.0 = AppStore|iPhone
		{C598B98A-ABFA-4FB6-A61C-E6D0A591014B}.AppStore|ARM.Deploy.0 = AppStore|iPhone
		{C598B98A-ABFA-4FB6-A61C-E6D0A591014B}.AppStore|iPhone.ActiveCfg = AppStore|iPhone
		{C598B98A-ABFA-4FB6-A61C-E6D0A591014B}.AppStore|iPhone.Build.0 = AppStore|iPhone
		{C598B98A-ABFA-4FB6-A61C-E6D0A591014B}.AppStore|iPhone.Deploy.0 = AppStore|iPhone
		{C598B98A-ABFA-4FB6-A61C-E6D0A591014B}.AppStore|iPhoneSimulator.ActiveCfg = AppStore|iPhoneSimulator
		{C598B98A-ABFA-4FB6-A61C-E6D0A591014B}.AppStore|iPhoneSimulator.Build.0 = AppStore|iPhoneSimulator
		{C598B98A-ABFA-4FB6-A61C-E6D0A591014B}.AppStore|iPhoneSimulator.Deploy.0 = AppStore|iPhoneSimulator
		{C598B98A-ABFA-4FB6-A61C-E6D0A591014B}.AppStore|x64.ActiveCfg = AppStore|iPhone
		{C598B98A-ABFA-4FB6-A61C-E6D0A591014B}.AppStore|x64.Build.0 = AppStore|iPhone
		{C598B98A-ABFA-4FB6-A61C-E6D0A591014B}.AppStore|x64.Deploy.0 = AppStore|iPhone
		{C598B98A-ABFA-4FB6-A61C-E6D0A591014B}.AppStore|x86.ActiveCfg = AppStore|iPhone
		{C598B98A-ABFA-4FB6-A61C-E6D0A591014B}.AppStore|x86.Build.0 = AppStore|iPhone
		{C598B98A-ABFA-4FB6-A61C-E6D0A591014B}.AppStore|x86.Deploy.0 = AppStore|iPhone
		{C598B98A-ABFA-4FB6-A61C-E6D0A591014B}.Debug|Any CPU.ActiveCfg = Debug|iPhoneSimulator
		{C598B98A-ABFA-4FB6-A61C-E6D0A591014B}.Debug|Any CPU.Build.0 = Debug|iPhoneSimulator
		{C598B98A-ABFA-4FB6-A61C-E6D0A591014B}.Debug|Any CPU.Deploy.0 = Debug|iPhoneSimulator
		{C598B98A-ABFA-4FB6-A61C-E6D0A591014B}.Debug|ARM.ActiveCfg = Debug|iPhone
		{C598B98A-ABFA-4FB6-A61C-E6D0A591014B}.Debug|ARM.Build.0 = Debug|iPhone
		{C598B98A-ABFA-4FB6-A61C-E6D0A591014B}.Debug|ARM.Deploy.0 = Debug|iPhone
		{C598B98A-ABFA-4FB6-A61C-E6D0A591014B}.Debug|iPhone.ActiveCfg = Debug|iPhone
		{C598B98A-ABFA-4FB6-A61C-E6D0A591014B}.Debug|iPhone.Build.0 = Debug|iPhone
		{C598B98A-ABFA-4FB6-A61C-E6D0A591014B}.Debug|iPhone.Deploy.0 = Debug|iPhone
		{C598B98A-ABFA-4FB6-A61C-E6D0A591014B}.Debug|iPhoneSimulator.ActiveCfg = Debug|iPhoneSimulator
		{C598B98A-ABFA-4FB6-A61C-E6D0A591014B}.Debug|iPhoneSimulator.Build.0 = Debug|iPhoneSimulator
		{C598B98A-ABFA-4FB6-A61C-E6D0A591014B}.Debug|iPhoneSimulator.Deploy.0 = Debug|iPhoneSimulator
		{C598B98A-ABFA-4FB6-A61C-E6D0A591014B}.Debug|x64.ActiveCfg = Debug|iPhone
		{C598B98A-ABFA-4FB6-A61C-E6D0A591014B}.Debug|x64.Build.0 = Debug|iPhone
		{C598B98A-ABFA-4FB6-A61C-E6D0A591014B}.Debug|x64.Deploy.0 = Debug|iPhone
		{C598B98A-ABFA-4FB6-A61C-E6D0A591014B}.Debug|x86.ActiveCfg = Debug|iPhone
		{C598B98A-ABFA-4FB6-A61C-E6D0A591014B}.Debug|x86.Build.0 = Debug|iPhone
		{C598B98A-ABFA-4FB6-A61C-E6D0A591014B}.Debug|x86.Deploy.0 = Debug|iPhone
		{C598B98A-ABFA-4FB6-A61C-E6D0A591014B}.Release|Any CPU.ActiveCfg = Release|iPhone
		{C598B98A-ABFA-4FB6-A61C-E6D0A591014B}.Release|Any CPU.Build.0 = Release|iPhone
		{C598B98A-ABFA-4FB6-A61C-E6D0A591014B}.Release|Any CPU.Deploy.0 = Release|iPhone
		{C598B98A-ABFA-4FB6-A61C-E6D0A591014B}.Release|ARM.ActiveCfg = Release|iPhone
		{C598B98A-ABFA-4FB6-A61C-E6D0A591014B}.Release|ARM.Build.0 = Release|iPhone
		{C598B98A-ABFA-4FB6-A61C-E6D0A591014B}.Release|ARM.Deploy.0 = Release|iPhone
		{C598B98A-ABFA-4FB6-A61C-E6D0A591014B}.Release|iPhone.ActiveCfg = Release|iPhone
		{C598B98A-ABFA-4FB6-A61C-E6D0A591014B}.Release|iPhone.Build.0 = Release|iPhone
		{C598B98A-ABFA-4FB6-A61C-E6D0A591014B}.Release|iPhone.Deploy.0 = Release|iPhone
		{C598B98A-ABFA-4FB6-A61C-E6D0A591014B}.Release|iPhoneSimulator.ActiveCfg = Release|iPhoneSimulator
		{C598B98A-ABFA-4FB6-A61C-E6D0A591014B}.Release|iPhoneSimulator.Build.0 = Release|iPhoneSimulator
		{C598B98A-ABFA-4FB6-A61C-E6D0A591014B}.Release|iPhoneSimulator.Deploy.0 = Release|iPhoneSimulator
		{C598B98A-ABFA-4FB6-A61C-E6D0A591014B}.Release|x64.ActiveCfg = Release|iPhone
		{C598B98A-ABFA-4FB6-A61C-E6D0A591014B}.Release|x64.Build.0 = Release|iPhone
		{C598B98A-ABFA-4FB6-A61C-E6D0A591014B}.Release|x64.Deploy.0 = Release|iPhone
		{C598B98A-ABFA-4FB6-A61C-E6D0A591014B}.Release|x86.ActiveCfg = Release|iPhone
		{C598B98A-ABFA-4FB6-A61C-E6D0A591014B}.Release|x86.Build.0 = Release|iPhone
		{C598B98A-ABFA-4FB6-A61C-E6D0A591014B}.Release|x86.Deploy.0 = Release|iPhone
		{44447EF2-DF29-40CC-921E-33DAF0D573C5}.Ad-Hoc|Any CPU.ActiveCfg = Release|x86
		{44447EF2-DF29-40CC-921E-33DAF0D573C5}.Ad-Hoc|Any CPU.Build.0 = Release|x86
		{44447EF2-DF29-40CC-921E-33DAF0D573C5}.Ad-Hoc|Any CPU.Deploy.0 = Release|x86
		{44447EF2-DF29-40CC-921E-33DAF0D573C5}.Ad-Hoc|ARM.ActiveCfg = Release|ARM
		{44447EF2-DF29-40CC-921E-33DAF0D573C5}.Ad-Hoc|ARM.Build.0 = Release|ARM
		{44447EF2-DF29-40CC-921E-33DAF0D573C5}.Ad-Hoc|ARM.Deploy.0 = Release|ARM
		{44447EF2-DF29-40CC-921E-33DAF0D573C5}.Ad-Hoc|iPhone.ActiveCfg = Release|x86
		{44447EF2-DF29-40CC-921E-33DAF0D573C5}.Ad-Hoc|iPhone.Build.0 = Release|x86
		{44447EF2-DF29-40CC-921E-33DAF0D573C5}.Ad-Hoc|iPhone.Deploy.0 = Release|x86
		{44447EF2-DF29-40CC-921E-33DAF0D573C5}.Ad-Hoc|iPhoneSimulator.ActiveCfg = Release|x86
		{44447EF2-DF29-40CC-921E-33DAF0D573C5}.Ad-Hoc|iPhoneSimulator.Build.0 = Release|x86
		{44447EF2-DF29-40CC-921E-33DAF0D573C5}.Ad-Hoc|iPhoneSimulator.Deploy.0 = Release|x86
		{44447EF2-DF29-40CC-921E-33DAF0D573C5}.Ad-Hoc|x64.ActiveCfg = Release|x64
		{44447EF2-DF29-40CC-921E-33DAF0D573C5}.Ad-Hoc|x64.Build.0 = Release|x64
		{44447EF2-DF29-40CC-921E-33DAF0D573C5}.Ad-Hoc|x64.Deploy.0 = Release|x64
		{44447EF2-DF29-40CC-921E-33DAF0D573C5}.Ad-Hoc|x86.ActiveCfg = Release|x86
		{44447EF2-DF29-40CC-921E-33DAF0D573C5}.Ad-Hoc|x86.Build.0 = Release|x86
		{44447EF2-DF29-40CC-921E-33DAF0D573C5}.Ad-Hoc|x86.Deploy.0 = Release|x86
		{44447EF2-DF29-40CC-921E-33DAF0D573C5}.AppStore|Any CPU.ActiveCfg = Release|x86
		{44447EF2-DF29-40CC-921E-33DAF0D573C5}.AppStore|Any CPU.Build.0 = Release|x86
		{44447EF2-DF29-40CC-921E-33DAF0D573C5}.AppStore|Any CPU.Deploy.0 = Release|x86
		{44447EF2-DF29-40CC-921E-33DAF0D573C5}.AppStore|ARM.ActiveCfg = Release|ARM
		{44447EF2-DF29-40CC-921E-33DAF0D573C5}.AppStore|ARM.Build.0 = Release|ARM
		{44447EF2-DF29-40CC-921E-33DAF0D573C5}.AppStore|ARM.Deploy.0 = Release|ARM
		{44447EF2-DF29-40CC-921E-33DAF0D573C5}.AppStore|iPhone.ActiveCfg = Release|x86
		{44447EF2-DF29-40CC-921E-33DAF0D573C5}.AppStore|iPhone.Build.0 = Release|x86
		{44447EF2-DF29-40CC-921E-33DAF0D573C5}.AppStore|iPhone.Deploy.0 = Release|x86
		{44447EF2-DF29-40CC-921E-33DAF0D573C5}.AppStore|iPhoneSimulator.ActiveCfg = Release|x86
		{44447EF2-DF29-40CC-921E-33DAF0D573C5}.AppStore|iPhoneSimulator.Build.0 = Release|x86
		{44447EF2-DF29-40CC-921E-33DAF0D573C5}.AppStore|iPhoneSimulator.Deploy.0 = Release|x86
		{44447EF2-DF29-40CC-921E-33DAF0D573C5}.AppStore|x64.ActiveCfg = Release|x64
		{44447EF2-DF29-40CC-921E-33DAF0D573C5}.AppStore|x64.Build.0 = Release|x64
		{44447EF2-DF29-40CC-921E-33DAF0D573C5}.AppStore|x64.Deploy.0 = Release|x64
		{44447EF2-DF29-40CC-921E-33DAF0D573C5}.AppStore|x86.ActiveCfg = Release|x86
		{44447EF2-DF29-40CC-921E-33DAF0D573C5}.AppStore|x86.Build.0 = Release|x86
		{44447EF2-DF29-40CC-921E-33DAF0D573C5}.AppStore|x86.Deploy.0 = Release|x86
		{44447EF2-DF29-40CC-921E-33DAF0D573C5}.Debug|Any CPU.ActiveCfg = Debug|x86
		{44447EF2-DF29-40CC-921E-33DAF0D573C5}.Debug|Any CPU.Build.0 = Debug|x86
		{44447EF2-DF29-40CC-921E-33DAF0D573C5}.Debug|Any CPU.Deploy.0 = Debug|x86
		{44447EF2-DF29-40CC-921E-33DAF0D573C5}.Debug|ARM.ActiveCfg = Debug|ARM
		{44447EF2-DF29-40CC-921E-33DAF0D573C5}.Debug|ARM.Build.0 = Debug|ARM
		{44447EF2-DF29-40CC-921E-33DAF0D573C5}.Debug|ARM.Deploy.0 = Debug|ARM
		{44447EF2-DF29-40CC-921E-33DAF0D573C5}.Debug|iPhone.ActiveCfg = Debug|x86
		{44447EF2-DF29-40CC-921E-33DAF0D573C5}.Debug|iPhone.Build.0 = Debug|x86
		{44447EF2-DF29-40CC-921E-33DAF0D573C5}.Debug|iPhone.Deploy.0 = Debug|x86
		{44447EF2-DF29-40CC-921E-33DAF0D573C5}.Debug|iPhoneSimulator.ActiveCfg = Debug|x86
		{44447EF2-DF29-40CC-921E-33DAF0D573C5}.Debug|iPhoneSimulator.Build.0 = Debug|x86
		{44447EF2-DF29-40CC-921E-33DAF0D573C5}.Debug|iPhoneSimulator.Deploy.0 = Debug|x86
		{44447EF2-DF29-40CC-921E-33DAF0D573C5}.Debug|x64.ActiveCfg = Debug|x64
		{44447EF2-DF29-40CC-921E-33DAF0D573C5}.Debug|x64.Build.0 = Debug|x64
		{44447EF2-DF29-40CC-921E-33DAF0D573C5}.Debug|x64.Deploy.0 = Debug|x64
		{44447EF2-DF29-40CC-921E-33DAF0D573C5}.Debug|x86.ActiveCfg = Debug|x86
		{44447EF2-DF29-40CC-921E-33DAF0D573C5}.Debug|x86.Build.0 = Debug|x86
		{44447EF2-DF29-40CC-921E-33DAF0D573C5}.Debug|x86.Deploy.0 = Debug|x86
		{44447EF2-DF29-40CC-921E-33DAF0D573C5}.Release|Any CPU.ActiveCfg = Release|x86
		{44447EF2-DF29-40CC-921E-33DAF0D573C5}.Release|Any CPU.Build.0 = Release|x86
		{44447EF2-DF29-40CC-921E-33DAF0D573C5}.Release|Any CPU.Deploy.0 = Release|x86
		{44447EF2-DF29-40CC-921E-33DAF0D573C5}.Release|ARM.ActiveCfg = Release|ARM
		{44447EF2-DF29-40CC-921E-33DAF0D573C5}.Release|ARM.Build.0 = Release|ARM
		{44447EF2-DF29-40CC-921E-33DAF0D573C5}.Release|ARM.Deploy.0 = Release|ARM
		{44447EF2-DF29-40CC-921E-33DAF0D573C5}.Release|iPhone.ActiveCfg = Release|x86
		{44447EF2-DF29-40CC-921E-33DAF0D573C5}.Release|iPhone.Build.0 = Release|x86
		{44447EF2-DF29-40CC-921E-33DAF0D573C5}.Release|iPhone.Deploy.0 = Release|x86
		{44447EF2-DF29-40CC-921E-33DAF0D573C5}.Release|iPhoneSimulator.ActiveCfg = Release|x86
		{44447EF2-DF29-40CC-921E-33DAF0D573C5}.Release|iPhoneSimulator.Build.0 = Release|x86
		{44447EF2-DF29-40CC-921E-33DAF0D573C5}.Release|iPhoneSimulator.Deploy.0 = Release|x86
		{44447EF2-DF29-40CC-921E-33DAF0D573C5}.Release|x64.ActiveCfg = Release|x64
		{44447EF2-DF29-40CC-921E-33DAF0D573C5}.Release|x64.Build.0 = Release|x64
		{44447EF2-DF29-40CC-921E-33DAF0D573C5}.Release|x64.Deploy.0 = Release|x64
		{44447EF2-DF29-40CC-921E-33DAF0D573C5}.Release|x86.ActiveCfg = Release|x86
		{44447EF2-DF29-40CC-921E-33DAF0D573C5}.Release|x86.Build.0 = Release|x86
		{44447EF2-DF29-40CC-921E-33DAF0D573C5}.Release|x86.Deploy.0 = Release|x86
		{D6F8220A-3B1D-4D3E-B53E-631497F04DA5}.Ad-Hoc|Any CPU.ActiveCfg = Debug|Any CPU
		{D6F8220A-3B1D-4D3E-B53E-631497F04DA5}.Ad-Hoc|Any CPU.Build.0 = Debug|Any CPU
		{D6F8220A-3B1D-4D3E-B53E-631497F04DA5}.Ad-Hoc|Any CPU.Deploy.0 = Debug|Any CPU
		{D6F8220A-3B1D-4D3E-B53E-631497F04DA5}.Ad-Hoc|ARM.ActiveCfg = Debug|Any CPU
		{D6F8220A-3B1D-4D3E-B53E-631497F04DA5}.Ad-Hoc|ARM.Build.0 = Debug|Any CPU
		{D6F8220A-3B1D-4D3E-B53E-631497F04DA5}.Ad-Hoc|ARM.Deploy.0 = Debug|Any CPU
		{D6F8220A-3B1D-4D3E-B53E-631497F04DA5}.Ad-Hoc|iPhone.ActiveCfg = Debug|Any CPU
		{D6F8220A-3B1D-4D3E-B53E-631497F04DA5}.Ad-Hoc|iPhone.Build.0 = Debug|Any CPU
		{D6F8220A-3B1D-4D3E-B53E-631497F04DA5}.Ad-Hoc|iPhone.Deploy.0 = Debug|Any CPU
		{D6F8220A-3B1D-4D3E-B53E-631497F04DA5}.Ad-Hoc|iPhoneSimulator.ActiveCfg = Debug|Any CPU
		{D6F8220A-3B1D-4D3E-B53E-631497F04DA5}.Ad-Hoc|iPhoneSimulator.Build.0 = Debug|Any CPU
		{D6F8220A-3B1D-4D3E-B53E-631497F04DA5}.Ad-Hoc|iPhoneSimulator.Deploy.0 = Debug|Any CPU
		{D6F8220A-3B1D-4D3E-B53E-631497F04DA5}.Ad-Hoc|x64.ActiveCfg = Debug|Any CPU
		{D6F8220A-3B1D-4D3E-B53E-631497F04DA5}.Ad-Hoc|x64.Build.0 = Debug|Any CPU
		{D6F8220A-3B1D-4D3E-B53E-631497F04DA5}.Ad-Hoc|x64.Deploy.0 = Debug|Any CPU
		{D6F8220A-3B1D-4D3E-B53E-631497F04DA5}.Ad-Hoc|x86.ActiveCfg = Debug|Any CPU
		{D6F8220A-3B1D-4D3E-B53E-631497F04DA5}.Ad-Hoc|x86.Build.0 = Debug|Any CPU
		{D6F8220A-3B1D-4D3E-B53E-631497F04DA5}.Ad-Hoc|x86.Deploy.0 = Debug|Any CPU
		{D6F8220A-3B1D-4D3E-B53E-631497F04DA5}.AppStore|Any CPU.ActiveCfg = Debug|Any CPU
		{D6F8220A-3B1D-4D3E-B53E-631497F04DA5}.AppStore|Any CPU.Build.0 = Debug|Any CPU
		{D6F8220A-3B1D-4D3E-B53E-631497F04DA5}.AppStore|Any CPU.Deploy.0 = Debug|Any CPU
		{D6F8220A-3B1D-4D3E-B53E-631497F04DA5}.AppStore|ARM.ActiveCfg = Debug|Any CPU
		{D6F8220A-3B1D-4D3E-B53E-631497F04DA5}.AppStore|ARM.Build.0 = Debug|Any CPU
		{D6F8220A-3B1D-4D3E-B53E-631497F04DA5}.AppStore|ARM.Deploy.0 = Debug|Any CPU
		{D6F8220A-3B1D-4D3E-B53E-631497F04DA5}.AppStore|iPhone.ActiveCfg = Debug|Any CPU
		{D6F8220A-3B1D-4D3E-B53E-631497F04DA5}.AppStore|iPhone.Build.0 = Debug|Any CPU
		{D6F8220A-3B1D-4D3E-B53E-631497F04DA5}.AppStore|iPhone.Deploy.0 = Debug|Any CPU
		{D6F8220A-3B1D-4D3E-B53E-631497F04DA5}.AppStore|iPhoneSimulator.ActiveCfg = Debug|Any CPU
		{D6F8220A-3B1D-4D3E-B53E-631497F04DA5}.AppStore|iPhoneSimulator.Build.0 = Debug|Any CPU
		{D6F8220A-3B1D-4D3E-B53E-631497F04DA5}.AppStore|iPhoneSimulator.Deploy.0 = Debug|Any CPU
		{D6F8220A-3B1D-4D3E-B53E-631497F04DA5}.AppStore|x64.ActiveCfg = Debug|Any CPU
		{D6F8220A-3B1D-4D3E-B53E-631497F04DA5}.AppStore|x64.Build.0 = Debug|Any CPU
		{D6F8220A-3B1D-4D3E-B53E-631497F04DA5}.AppStore|x64.Deploy.0 = Debug|Any CPU
		{D6F8220A-3B1D-4D3E-B53E-631497F04DA5}.AppStore|x86.ActiveCfg = Debug|Any CPU
		{D6F8220A-3B1D-4D3E-B53E-631497F04DA5}.AppStore|x86.Build.0 = Debug|Any CPU
		{D6F8220A-3B1D-4D3E-B53E-631497F04DA5}.AppStore|x86.Deploy.0 = Debug|Any CPU
		{D6F8220A-3B1D-4D3E-B53E-631497F04DA5}.Debug|Any CPU.ActiveCfg = Debug|Any CPU
		{D6F8220A-3B1D-4D3E-B53E-631497F04DA5}.Debug|Any CPU.Build.0 = Debug|Any CPU
		{D6F8220A-3B1D-4D3E-B53E-631497F04DA5}.Debug|Any CPU.Deploy.0 = Debug|Any CPU
		{D6F8220A-3B1D-4D3E-B53E-631497F04DA5}.Debug|ARM.ActiveCfg = Debug|Any CPU
		{D6F8220A-3B1D-4D3E-B53E-631497F04DA5}.Debug|ARM.Build.0 = Debug|Any CPU
		{D6F8220A-3B1D-4D3E-B53E-631497F04DA5}.Debug|ARM.Deploy.0 = Debug|Any CPU
		{D6F8220A-3B1D-4D3E-B53E-631497F04DA5}.Debug|iPhone.ActiveCfg = Debug|Any CPU
		{D6F8220A-3B1D-4D3E-B53E-631497F04DA5}.Debug|iPhone.Build.0 = Debug|Any CPU
		{D6F8220A-3B1D-4D3E-B53E-631497F04DA5}.Debug|iPhone.Deploy.0 = Debug|Any CPU
		{D6F8220A-3B1D-4D3E-B53E-631497F04DA5}.Debug|iPhoneSimulator.ActiveCfg = Debug|Any CPU
		{D6F8220A-3B1D-4D3E-B53E-631497F04DA5}.Debug|iPhoneSimulator.Build.0 = Debug|Any CPU
		{D6F8220A-3B1D-4D3E-B53E-631497F04DA5}.Debug|iPhoneSimulator.Deploy.0 = Debug|Any CPU
		{D6F8220A-3B1D-4D3E-B53E-631497F04DA5}.Debug|x64.ActiveCfg = Debug|Any CPU
		{D6F8220A-3B1D-4D3E-B53E-631497F04DA5}.Debug|x64.Build.0 = Debug|Any CPU
		{D6F8220A-3B1D-4D3E-B53E-631497F04DA5}.Debug|x64.Deploy.0 = Debug|Any CPU
		{D6F8220A-3B1D-4D3E-B53E-631497F04DA5}.Debug|x86.ActiveCfg = Debug|Any CPU
		{D6F8220A-3B1D-4D3E-B53E-631497F04DA5}.Debug|x86.Build.0 = Debug|Any CPU
		{D6F8220A-3B1D-4D3E-B53E-631497F04DA5}.Debug|x86.Deploy.0 = Debug|Any CPU
		{D6F8220A-3B1D-4D3E-B53E-631497F04DA5}.Release|Any CPU.ActiveCfg = Release|Any CPU
		{D6F8220A-3B1D-4D3E-B53E-631497F04DA5}.Release|Any CPU.Build.0 = Release|Any CPU
		{D6F8220A-3B1D-4D3E-B53E-631497F04DA5}.Release|Any CPU.Deploy.0 = Release|Any CPU
		{D6F8220A-3B1D-4D3E-B53E-631497F04DA5}.Release|ARM.ActiveCfg = Release|Any CPU
		{D6F8220A-3B1D-4D3E-B53E-631497F04DA5}.Release|ARM.Build.0 = Release|Any CPU
		{D6F8220A-3B1D-4D3E-B53E-631497F04DA5}.Release|ARM.Deploy.0 = Release|Any CPU
		{D6F8220A-3B1D-4D3E-B53E-631497F04DA5}.Release|iPhone.ActiveCfg = Release|Any CPU
		{D6F8220A-3B1D-4D3E-B53E-631497F04DA5}.Release|iPhone.Build.0 = Release|Any CPU
		{D6F8220A-3B1D-4D3E-B53E-631497F04DA5}.Release|iPhone.Deploy.0 = Release|Any CPU
		{D6F8220A-3B1D-4D3E-B53E-631497F04DA5}.Release|iPhoneSimulator.ActiveCfg = Release|Any CPU
		{D6F8220A-3B1D-4D3E-B53E-631497F04DA5}.Release|iPhoneSimulator.Build.0 = Release|Any CPU
		{D6F8220A-3B1D-4D3E-B53E-631497F04DA5}.Release|iPhoneSimulator.Deploy.0 = Release|Any CPU
		{D6F8220A-3B1D-4D3E-B53E-631497F04DA5}.Release|x64.ActiveCfg = Release|Any CPU
		{D6F8220A-3B1D-4D3E-B53E-631497F04DA5}.Release|x64.Build.0 = Release|Any CPU
		{D6F8220A-3B1D-4D3E-B53E-631497F04DA5}.Release|x64.Deploy.0 = Release|Any CPU
		{D6F8220A-3B1D-4D3E-B53E-631497F04DA5}.Release|x86.ActiveCfg = Release|Any CPU
		{D6F8220A-3B1D-4D3E-B53E-631497F04DA5}.Release|x86.Build.0 = Release|Any CPU
		{D6F8220A-3B1D-4D3E-B53E-631497F04DA5}.Release|x86.Deploy.0 = Release|Any CPU
	EndGlobalSection
	GlobalSection(SolutionProperties) = preSolution
		HideSolutionNode = FALSE
	EndGlobalSection
	GlobalSection(ExtensibilityGlobals) = postSolution
		SolutionGuid = {4B47CEF9-E9F7-4AA5-BC74-820BE2D45ECA}
	EndGlobalSection
EndGlobal
